{
    "_meta": {
        "hash": {
            "sha256": "9c0d46e8b347f6e33141b8033ac5562f5af7acd95568ef4f879a718445a7e04a"
        },
        "pipfile-spec": 6,
        "requires": {},
        "sources": [
            {
                "name": "pypi",
                "url": "https://pypi.org/simple",
                "verify_ssl": true
            }
        ]
    },
    "default": {
        "kaitaistruct": {
            "hashes": [
                "sha256:3d5845817ec8a4d5504379cc11bd570b038850ee49c4580bc0998c8fb1d327ad"
            ],
            "index": "pypi",
            "version": "==0.9"
        },
        "pycatwire": {
            "path": ".",
            "version": "==0.0.1"
        }
    },
    "develop": {}
}
