{
    "_meta": {
        "hash": {
            "sha256": "21947571fa0ab5b97fa0b899a460462462247938236c114fee27ee2bc1cdbcfd"
        },
        "pipfile-spec": 6,
        "requires": {
            "python_version": "3.8"
        },
        "sources": [
            {
                "name": "pypi",
                "url": "https://pypi.org/simple",
                "verify_ssl": true
            }
        ]
    },
    "default": {
        "kaitaistruct": {
            "hashes": [
                "sha256:d1d17c7f6839b3d28fc22b21295f787974786c2201e8788975e72e2a1d109ff5"
            ],
            "index": "pypi",
            "version": "==0.8"
        }
    },
    "develop": {}
}
